
Microsoft Visual Studio Solution File, Format Version 12.00
# Visual Studio Version 16
VisualStudioVersion = 16.0.31515.178
MinimumVisualStudioVersion = 10.0.40219.1
Project("{FAE04EC0-301F-11D3-BF4B-00C04F79EFBC}") = "AlchemyGame", "WpfApplication19\AlchemyGame.csproj", "{FA6C1C96-22D4-4CDB-A851-2A713EC9969D}"
EndProject
Global
	GlobalSection(SolutionConfigurationPlatforms) = preSolution
		Debug|Any CPU = Debug|Any CPU
		Release|Any CPU = Release|Any CPU
	EndGlobalSection
	GlobalSection(ProjectConfigurationPlatforms) = postSolution
		{FA6C1C96-22D4-4CDB-A851-2A713EC9969D}.Debug|Any CPU.ActiveCfg = Debug|Any CPU
		{FA6C1C96-22D4-4CDB-A851-2A713EC9969D}.Debug|Any CPU.Build.0 = Debug|Any CPU
		{FA6C1C96-22D4-4CDB-A851-2A713EC9969D}.Release|Any CPU.ActiveCfg = Release|Any CPU
		{FA6C1C96-22D4-4CDB-A851-2A713EC9969D}.Release|Any CPU.Build.0 = Release|Any CPU
	EndGlobalSection
	GlobalSection(SolutionProperties) = preSolution
		HideSolutionNode = FALSE
	EndGlobalSection
	GlobalSection(ExtensibilityGlobals) = postSolution
		SolutionGuid = {C41255BA-A3FF-4975-8511-A81661BF9F3F}
	EndGlobalSection
EndGlobal
